
Microsoft Visual Studio Solution File, Format Version 12.00
# Visual Studio 14
VisualStudioVersion = 14.0.23107.0
MinimumVisualStudioVersion = 10.0.40219.1
Project("{FAE04EC0-301F-11D3-BF4B-00C04F79EFBC}") = "DesktopView.Component", "DesktopView.Component\DesktopView.Component.csproj", "{0882C8F8-C1BA-4248-88E5-321920D01AD9}"
EndProject
Project("{FAE04EC0-301F-11D3-BF4B-00C04F79EFBC}") = "DesktopView.Composition", "DesktopView.Composition\DesktopView.Composition.csproj", "{36EF2386-2EE4-4846-9940-DEA5D41FCF18}"
EndProject
Global
	GlobalSection(SolutionConfigurationPlatforms) = preSolution
		Debug|Any CPU = Debug|Any CPU
		Release|Any CPU = Release|Any CPU
	EndGlobalSection
	GlobalSection(ProjectConfigurationPlatforms) = postSolution
		{0882C8F8-C1BA-4248-88E5-321920D01AD9}.Debug|Any CPU.ActiveCfg = Debug|Any CPU
		{0882C8F8-C1BA-4248-88E5-321920D01AD9}.Debug|Any CPU.Build.0 = Debug|Any CPU
		{0882C8F8-C1BA-4248-88E5-321920D01AD9}.Release|Any CPU.ActiveCfg = Release|Any CPU
		{0882C8F8-C1BA-4248-88E5-321920D01AD9}.Release|Any CPU.Build.0 = Release|Any CPU
		{36EF2386-2EE4-4846-9940-DEA5D41FCF18}.Debug|Any CPU.ActiveCfg = Debug|Any CPU
		{36EF2386-2EE4-4846-9940-DEA5D41FCF18}.Debug|Any CPU.Build.0 = Debug|Any CPU
		{36EF2386-2EE4-4846-9940-DEA5D41FCF18}.Release|Any CPU.ActiveCfg = Release|Any CPU
		{36EF2386-2EE4-4846-9940-DEA5D41FCF18}.Release|Any CPU.Build.0 = Release|Any CPU
	EndGlobalSection
	GlobalSection(SolutionProperties) = preSolution
		HideSolutionNode = FALSE
	EndGlobalSection
EndGlobal
